// !$*UTF8*$!
{
	archiveVersion = 1;
	classes = {
	};
	objectVersion = 56;
	objects = {

/* Begin PBXBuildFile section */
		302117102FA5F69600D9E517 /* ContentView.swift in Sources */ = {isa = PBXBuildFile; fileRef = 3021170F2FA5F69600D9E517 /* ContentView.swift */; };
		302117122FA5F69700D9E517 /* FavouritesView.swift in Sources */ = {isa = PBXBuildFile; fileRef = 302117112FA5F69700D9E517 /* FavouritesView.swift */; };
		302117142FA5F69800D9E517 /* RecentView.swift in Sources */ = {isa = PBXBuildFile; fileRef = 302117132FA5F69800D9E517 /* RecentView.swift */; };
		302117162FA5F69800D9E517 /* ProfileEditorView.swift in Sources */ = {isa = PBXBuildFile; fileRef = 302117152FA5F69800D9E517 /* ProfileEditorView.swift */; };
		3021692E2FA5C48A009731F9 /* UserReview.swift in Sources */ = {isa = PBXBuildFile; fileRef = 3021692D2FA5C48A009731F9 /* UserReview.swift */; };
		302169302FA5C4B3009731F9 /* YelpService.swift in Sources */ = {isa = PBXBuildFile; fileRef = 3021692F2FA5C4B3009731F9 /* YelpService.swift */; };
		3096AFCC2FA8023700ED2EBA /* PersistenceManager.swift in Sources */ = {isa = PBXBuildFile; fileRef = 3096AFCB2FA8023700ED2EBA /* PersistenceManager.swift */; };
		3096AFCE2FA81B2900ED2EBA /* ItineraryShareManager.swift in Sources */ = {isa = PBXBuildFile; fileRef = 3096AFCD2FA81B2900ED2EBA /* ItineraryShareManager.swift */; };
		3096AFD12FA824ED00ED2EBA /* OnboardingView.swift in Sources */ = {isa = PBXBuildFile; fileRef = 3096AFD02FA824ED00ED2EBA /* OnboardingView.swift */; };
		3096AFD32FA82D3400ED2EBA /* CloudKitShareService.swift in Sources */ = {isa = PBXBuildFile; fileRef = 3096AFD22FA82D3400ED2EBA /* CloudKitShareService.swift */; };
		3096AFD62FA920E700ED2EBA /* NotificationService.swift in Sources */ = {isa = PBXBuildFile; fileRef = 3096AFD52FA920E700ED2EBA /* NotificationService.swift */; };
		3096AFD82FAAFD8B00ED2EBA /* APIKeys.swift in Sources */ = {isa = PBXBuildFile; fileRef = 3096AFD72FAAFD8B00ED2EBA /* APIKeys.swift */; };
		3096AFDB2FAAFDEB00ED2EBA /* Secrets.plist in Resources */ = {isa = PBXBuildFile; fileRef = 3096AFDA2FAAFDEB00ED2EBA /* Secrets.plist */; };
		3096AFDD2FAB025600ED2EBA /* ScrapingService.swift in Sources */ = {isa = PBXBuildFile; fileRef = 3096AFDC2FAB025600ED2EBA /* ScrapingService.swift */; };
		30FDCD922FA5DA04001CD543 /* SplashScreenView.swift in Sources */ = {isa = PBXBuildFile; fileRef = 30FDCD912FA5DA04001CD543 /* SplashScreenView.swift */; };
		30FDCD942FA5DAC6001CD543 /* Assets.xcassets in Resources */ = {isa = PBXBuildFile; fileRef = 30FDCD932FA5DAC6001CD543 /* Assets.xcassets */; };
		30FDCD962FA5E475001CD543 /* SideMenuView.swift in Sources */ = {isa = PBXBuildFile; fileRef = 30FDCD952FA5E475001CD543 /* SideMenuView.swift */; };
		30FDCD982FA5E47C001CD543 /* ArchiveView.swift in Sources */ = {isa = PBXBuildFile; fileRef = 30FDCD972FA5E47C001CD543 /* ArchiveView.swift */; };
		30FDCD9A2FA5E486001CD543 /* SettingsView.swift in Sources */ = {isa = PBXBuildFile; fileRef = 30FDCD992FA5E486001CD543 /* SettingsView.swift */; };
		AA000001 /* HalalBitesApp.swift in Sources */ = {isa = PBXBuildFile; fileRef = AB000001 /* HalalBitesApp.swift */; };
		AA000003 /* Restaurant.swift in Sources */ = {isa = PBXBuildFile; fileRef = AB000003 /* Restaurant.swift */; };
		AA000004 /* Itinerary.swift in Sources */ = {isa = PBXBuildFile; fileRef = AB000004 /* Itinerary.swift */; };
		AA000006 /* LocationService.swift in Sources */ = {isa = PBXBuildFile; fileRef = AB000006 /* LocationService.swift */; };
		AA000007 /* ItineraryListView.swift in Sources */ = {isa = PBXBuildFile; fileRef = AB000007 /* ItineraryListView.swift */; };
		AA000008 /* ItineraryDetailView.swift in Sources */ = {isa = PBXBuildFile; fileRef = AB000008 /* ItineraryDetailView.swift */; };
		AA000009 /* ExploreMapView.swift in Sources */ = {isa = PBXBuildFile; fileRef = AB000009 /* ExploreMapView.swift */; };
		AA000010 /* ItineraryGeneratorView.swift in Sources */ = {isa = PBXBuildFile; fileRef = AB000010 /* ItineraryGeneratorView.swift */; };
		AA000011 /* ZabihahService.swift in Sources */ = {isa = PBXBuildFile; fileRef = AB000011 /* ZabihahService.swift */; };
		AA000012 /* LocalItineraryGenerator.swift in Sources */ = {isa = PBXBuildFile; fileRef = AB000012 /* LocalItineraryGenerator.swift */; };
/* End PBXBuildFile section */

/* Begin PBXFileReference section */
		3021170F2FA5F69600D9E517 /* ContentView.swift */ = {isa = PBXFileReference; lastKnownFileType = sourcecode.swift; path = ContentView.swift; sourceTree = "<group>"; };
		302117112FA5F69700D9E517 /* FavouritesView.swift */ = {isa = PBXFileReference; lastKnownFileType = sourcecode.swift; path = FavouritesView.swift; sourceTree = "<group>"; };
		302117132FA5F69800D9E517 /* RecentView.swift */ = {isa = PBXFileReference; lastKnownFileType = sourcecode.swift; path = RecentView.swift; sourceTree = "<group>"; };
		302117152FA5F69800D9E517 /* ProfileEditorView.swift */ = {isa = PBXFileReference; lastKnownFileType = sourcecode.swift; path = ProfileEditorView.swift; sourceTree = "<group>"; };
		3021692D2FA5C48A009731F9 /* UserReview.swift */ = {isa = PBXFileReference; lastKnownFileType = sourcecode.swift; path = UserReview.swift; sourceTree = "<group>"; };
		3021692F2FA5C4B3009731F9 /* YelpService.swift */ = {isa = PBXFileReference; lastKnownFileType = sourcecode.swift; path = YelpService.swift; sourceTree = "<group>"; };
		3096AFCB2FA8023700ED2EBA /* PersistenceManager.swift */ = {isa = PBXFileReference; lastKnownFileType = sourcecode.swift; path = PersistenceManager.swift; sourceTree = "<group>"; };
		3096AFCD2FA81B2900ED2EBA /* ItineraryShareManager.swift */ = {isa = PBXFileReference; lastKnownFileType = sourcecode.swift; path = ItineraryShareManager.swift; sourceTree = "<group>"; };
		3096AFCF2FA81BE200ED2EBA /* Info.plist */ = {isa = PBXFileReference; lastKnownFileType = text.plist; path = Info.plist; sourceTree = "<group>"; };
		3096AFD02FA824ED00ED2EBA /* OnboardingView.swift */ = {isa = PBXFileReference; lastKnownFileType = sourcecode.swift; path = OnboardingView.swift; sourceTree = "<group>"; };
		3096AFD22FA82D3400ED2EBA /* CloudKitShareService.swift */ = {isa = PBXFileReference; lastKnownFileType = sourcecode.swift; path = CloudKitShareService.swift; sourceTree = "<group>"; };
		3096AFD42FA82D8D00ED2EBA /* HalalBites.entitlements */ = {isa = PBXFileReference; lastKnownFileType = text.plist.entitlements; path = HalalBites.entitlements; sourceTree = "<group>"; };
		3096AFD52FA920E700ED2EBA /* NotificationService.swift */ = {isa = PBXFileReference; lastKnownFileType = sourcecode.swift; path = NotificationService.swift; sourceTree = "<group>"; };
		3096AFD72FAAFD8B00ED2EBA /* APIKeys.swift */ = {isa = PBXFileReference; lastKnownFileType = sourcecode.swift; path = APIKeys.swift; sourceTree = "<group>"; };
		3096AFDA2FAAFDEB00ED2EBA /* Secrets.plist */ = {isa = PBXFileReference; lastKnownFileType = text.plist.xml; path = Secrets.plist; sourceTree = "<group>"; };
		3096AFDC2FAB025600ED2EBA /* ScrapingService.swift */ = {isa = PBXFileReference; lastKnownFileType = sourcecode.swift; path = ScrapingService.swift; sourceTree = "<group>"; };
		30FDCD912FA5DA04001CD543 /* SplashScreenView.swift */ = {isa = PBXFileReference; lastKnownFileType = sourcecode.swift; path = SplashScreenView.swift; sourceTree = "<group>"; };
		30FDCD932FA5DAC6001CD543 /* Assets.xcassets */ = {isa = PBXFileReference; lastKnownFileType = folder.assetcatalog; path = Assets.xcassets; sourceTree = "<group>"; };
		30FDCD952FA5E475001CD543 /* SideMenuView.swift */ = {isa = PBXFileReference; lastKnownFileType = sourcecode.swift; path = SideMenuView.swift; sourceTree = "<group>"; };
		30FDCD972FA5E47C001CD543 /* ArchiveView.swift */ = {isa = PBXFileReference; lastKnownFileType = sourcecode.swift; path = ArchiveView.swift; sourceTree = "<group>"; };
		30FDCD992FA5E486001CD543 /* SettingsView.swift */ = {isa = PBXFileReference; lastKnownFileType = sourcecode.swift; path = SettingsView.swift; sourceTree = "<group>"; };
		AB000001 /* HalalBitesApp.swift */ = {isa = PBXFileReference; lastKnownFileType = sourcecode.swift; path = HalalBitesApp.swift; sourceTree = "<group>"; };
		AB000003 /* Restaurant.swift */ = {isa = PBXFileReference; lastKnownFileType = sourcecode.swift; path = Restaurant.swift; sourceTree = "<group>"; };
		AB000004 /* Itinerary.swift */ = {isa = PBXFileReference; lastKnownFileType = sourcecode.swift; path = Itinerary.swift; sourceTree = "<group>"; };
		AB000006 /* LocationService.swift */ = {isa = PBXFileReference; lastKnownFileType = sourcecode.swift; path = LocationService.swift; sourceTree = "<group>"; };
		AB000007 /* ItineraryListView.swift */ = {isa = PBXFileReference; lastKnownFileType = sourcecode.swift; path = ItineraryListView.swift; sourceTree = "<group>"; };
		AB000008 /* ItineraryDetailView.swift */ = {isa = PBXFileReference; lastKnownFileType = sourcecode.swift; path = ItineraryDetailView.swift; sourceTree = "<group>"; };
		AB000009 /* ExploreMapView.swift */ = {isa = PBXFileReference; lastKnownFileType = sourcecode.swift; path = ExploreMapView.swift; sourceTree = "<group>"; };
		AB000010 /* ItineraryGeneratorView.swift */ = {isa = PBXFileReference; lastKnownFileType = sourcecode.swift; path = ItineraryGeneratorView.swift; sourceTree = "<group>"; };
		AB000011 /* ZabihahService.swift */ = {isa = PBXFileReference; lastKnownFileType = sourcecode.swift; path = ZabihahService.swift; sourceTree = "<group>"; };
		AB000012 /* LocalItineraryGenerator.swift */ = {isa = PBXFileReference; lastKnownFileType = sourcecode.swift; path = LocalItineraryGenerator.swift; sourceTree = "<group>"; };
		AC000001 /* Safa Halal.app */ = {isa = PBXFileReference; explicitFileType = wrapper.application; includeInIndex = 0; path = "Safa Halal.app"; sourceTree = BUILT_PRODUCTS_DIR; };
/* End PBXFileReference section */

/* Begin PBXFrameworksBuildPhase section */
		AD000001 /* Frameworks */ = {
			isa = PBXFrameworksBuildPhase;
			buildActionMask = 2147483647;
			files = (
			);
			runOnlyForDeploymentPostprocessing = 0;
		};
/* End PBXFrameworksBuildPhase section */

/* Begin PBXGroup section */
		AE000000 = {
			isa = PBXGroup;
			children = (
				AE000001 /* HalalBites */,
				AE000006 /* Products */,
			);
			sourceTree = "<group>";
		};
		AE000001 /* HalalBites */ = {
			isa = PBXGroup;
			children = (
				3096AFD42FA82D8D00ED2EBA /* HalalBites.entitlements */,
				3096AFCF2FA81BE200ED2EBA /* Info.plist */,
				30FDCD932FA5DAC6001CD543 /* Assets.xcassets */,
				AE000002 /* App */,
				AE000003 /* Models */,
				AE000004 /* Services */,
				AE000005 /* Views */,
				3096AFDA2FAAFDEB00ED2EBA /* Secrets.plist */,
			);
			path = HalalBites;
			sourceTree = "<group>";
		};
		AE000002 /* App */ = {
			isa = PBXGroup;
			children = (
				AB000001 /* HalalBitesApp.swift */,
				3021170F2FA5F69600D9E517 /* ContentView.swift */,
			);
			path = App;
			sourceTree = "<group>";
		};
		AE000003 /* Models */ = {
			isa = PBXGroup;
			children = (
				3021692D2FA5C48A009731F9 /* UserReview.swift */,
				AB000003 /* Restaurant.swift */,
				AB000004 /* Itinerary.swift */,
			);
			path = Models;
			sourceTree = "<group>";
		};
		AE000004 /* Services */ = {
			isa = PBXGroup;
			children = (
				3021692F2FA5C4B3009731F9 /* YelpService.swift */,
				AB000006 /* LocationService.swift */,
				AB000011 /* ZabihahService.swift */,
				AB000012 /* LocalItineraryGenerator.swift */,
				3096AFCB2FA8023700ED2EBA /* PersistenceManager.swift */,
				3096AFCD2FA81B2900ED2EBA /* ItineraryShareManager.swift */,
				3096AFD22FA82D3400ED2EBA /* CloudKitShareService.swift */,
				3096AFD52FA920E700ED2EBA /* NotificationService.swift */,
				3096AFD72FAAFD8B00ED2EBA /* APIKeys.swift */,
				3096AFDC2FAB025600ED2EBA /* ScrapingService.swift */,
			);
			path = Services;
			sourceTree = "<group>";
		};
		AE000005 /* Views */ = {
			isa = PBXGroup;
			children = (
				AB000007 /* ItineraryListView.swift */,
				AB000008 /* ItineraryDetailView.swift */,
				AB000009 /* ExploreMapView.swift */,
				AB000010 /* ItineraryGeneratorView.swift */,
				30FDCD912FA5DA04001CD543 /* SplashScreenView.swift */,
				30FDCD952FA5E475001CD543 /* SideMenuView.swift */,
				30FDCD972FA5E47C001CD543 /* ArchiveView.swift */,
				30FDCD992FA5E486001CD543 /* SettingsView.swift */,
				302117112FA5F69700D9E517 /* FavouritesView.swift */,
				302117132FA5F69800D9E517 /* RecentView.swift */,
				302117152FA5F69800D9E517 /* ProfileEditorView.swift */,
				3096AFD02FA824ED00ED2EBA /* OnboardingView.swift */,
			);
			path = Views;
			sourceTree = "<group>";
		};
		AE000006 /* Products */ = {
			isa = PBXGroup;
			children = (
				AC000001 /* Safa Halal.app */,
			);
			name = Products;
			sourceTree = "<group>";
		};
/* End PBXGroup section */

/* Begin PBXNativeTarget section */
		AF000001 /* HalalBites */ = {
			isa = PBXNativeTarget;
			buildConfigurationList = BA000002 /* Build configuration list for PBXNativeTarget "HalalBites" */;
			buildPhases = (
				AD000001 /* Frameworks */,
				AF000002 /* Sources */,
				AF000003 /* Resources */,
			);
			buildRules = (
			);
			dependencies = (
			);
			name = HalalBites;
			productName = HalalBites;
			productReference = AC000001 /* Safa Halal.app */;
			productType = "com.apple.product-type.application";
		};
/* End PBXNativeTarget section */

/* Begin PBXProject section */
		AG000001 /* Project object */ = {
			isa = PBXProject;
			attributes = {
				BuildIndependentTargetsInParallel = 1;
				LastSwiftUpdateCheck = 1500;
				LastUpgradeCheck = 2640;
				TargetAttributes = {
					AF000001 = {
						CreatedOnToolsVersion = 15.0;
					};
				};
			};
			buildConfigurationList = BA000001 /* Build configuration list for PBXProject "HalalBites" */;
			compatibilityVersion = "Xcode 14.0";
			developmentRegion = en;
			hasScannedForEncodings = 0;
			knownRegions = (
				en,
				Base,
			);
			mainGroup = AE000000;
			productRefGroup = AE000006 /* Products */;
			projectDirPath = "";
			projectRoot = "";
			targets = (
				AF000001 /* HalalBites */,
			);
		};
/* End PBXProject section */

/* Begin PBXResourcesBuildPhase section */
		AF000003 /* Resources */ = {
			isa = PBXResourcesBuildPhase;
			buildActionMask = 2147483647;
			files = (
				3096AFDB2FAAFDEB00ED2EBA /* Secrets.plist in Resources */,
				30FDCD942FA5DAC6001CD543 /* Assets.xcassets in Resources */,
			);
			runOnlyForDeploymentPostprocessing = 0;
		};
/* End PBXResourcesBuildPhase section */

/* Begin PBXSourcesBuildPhase section */
		AF000002 /* Sources */ = {
			isa = PBXSourcesBuildPhase;
			buildActionMask = 2147483647;
			files = (
				302117142FA5F69800D9E517 /* RecentView.swift in Sources */,
				AA000001 /* HalalBitesApp.swift in Sources */,
				3096AFD82FAAFD8B00ED2EBA /* APIKeys.swift in Sources */,
				302169302FA5C4B3009731F9 /* YelpService.swift in Sources */,
				30FDCD962FA5E475001CD543 /* SideMenuView.swift in Sources */,
				30FDCD9A2FA5E486001CD543 /* SettingsView.swift in Sources */,
				3096AFDD2FAB025600ED2EBA /* ScrapingService.swift in Sources */,
				30FDCD922FA5DA04001CD543 /* SplashScreenView.swift in Sources */,
				AA000003 /* Restaurant.swift in Sources */,
				AA000004 /* Itinerary.swift in Sources */,
				3096AFD32FA82D3400ED2EBA /* CloudKitShareService.swift in Sources */,
				302117102FA5F69600D9E517 /* ContentView.swift in Sources */,
				AA000006 /* LocationService.swift in Sources */,
				AA000007 /* ItineraryListView.swift in Sources */,
				302117122FA5F69700D9E517 /* FavouritesView.swift in Sources */,
				AA000008 /* ItineraryDetailView.swift in Sources */,
				302117162FA5F69800D9E517 /* ProfileEditorView.swift in Sources */,
				AA000009 /* ExploreMapView.swift in Sources */,
				3096AFCC2FA8023700ED2EBA /* PersistenceManager.swift in Sources */,
				3021692E2FA5C48A009731F9 /* UserReview.swift in Sources */,
				3096AFD62FA920E700ED2EBA /* NotificationService.swift in Sources */,
				AA000010 /* ItineraryGeneratorView.swift in Sources */,
				AA000011 /* ZabihahService.swift in Sources */,
				AA000012 /* LocalItineraryGenerator.swift in Sources */,
				30FDCD982FA5E47C001CD543 /* ArchiveView.swift in Sources */,
				3096AFD12FA824ED00ED2EBA /* OnboardingView.swift in Sources */,
				3096AFCE2FA81B2900ED2EBA /* ItineraryShareManager.swift in Sources */,
			);
			runOnlyForDeploymentPostprocessing = 0;
		};
/* End PBXSourcesBuildPhase section */

/* Begin XCBuildConfiguration section */
		BA000003 /* Debug */ = {
			isa = XCBuildConfiguration;
			buildSettings = {
				ALWAYS_SEARCH_USER_PATHS = NO;
				ASSETCATALOG_COMPILER_GENERATE_SWIFT_ASSET_SYMBOL_EXTENSIONS = YES;
				CLANG_ANALYZER_NONNULL = YES;
				CLANG_ANALYZER_NUMBER_OBJECT_CONVERSION = YES_AGGRESSIVE;
				CLANG_CXX_LANGUAGE_STANDARD = "gnu++20";
				CLANG_ENABLE_MODULES = YES;
				CLANG_ENABLE_OBJC_ARC = YES;
				CLANG_ENABLE_OBJC_WEAK = YES;
				CLANG_WARN_BLOCK_CAPTURE_AUTORELEASING = YES;
				CLANG_WARN_BOOL_CONVERSION = YES;
				CLANG_WARN_COMMA = YES;
				CLANG_WARN_CONSTANT_CONVERSION = YES;
				CLANG_WARN_DEPRECATED_OBJC_IMPLEMENTATIONS = YES;
				CLANG_WARN_DIRECT_OBJC_ISA_USAGE = YES_ERROR;
				CLANG_WARN_DOCUMENTATION_COMMENTS = YES;
				CLANG_WARN_EMPTY_BODY = YES;
				CLANG_WARN_ENUM_CONVERSION = YES;
				CLANG_WARN_INFINITE_RECURSION = YES;
				CLANG_WARN_INT_CONVERSION = YES;
				CLANG_WARN_NON_LITERAL_NULL_CONVERSION = YES;
				CLANG_WARN_OBJC_IMPLICIT_RETAIN_CYCLES = YES;
				CLANG_WARN_OBJC_IMPLICIT_RETAIN_SELF = YES;
				CLANG_WARN_OBJC_LITERAL_CONVERSION = YES;
				CLANG_WARN_OBJC_ROOT_CLASS = YES_ERROR;
				CLANG_WARN_QUOTED_INCLUDE_IN_FRAMEWORK_HEADER = YES;
				CLANG_WARN_RANGE_LOOP_ANALYSIS = YES;
				CLANG_WARN_STRICT_PROTOTYPES = YES;
				CLANG_WARN_SUSPICIOUS_MOVE = YES;
				CLANG_WARN_UNGUARDED_AVAILABILITY = YES_AGGRESSIVE;
				CLANG_WARN_UNREACHABLE_CODE = YES;
				CLANG_WARN__DUPLICATE_METHOD_MATCH = YES;
				COPY_PHASE_STRIP = NO;
				DEBUG_INFORMATION_FORMAT = dwarf;
				DEVELOPMENT_TEAM = 7WZST775JM;
				ENABLE_STRICT_OBJC_MSGSEND = YES;
				ENABLE_TESTABILITY = YES;
				ENABLE_USER_SCRIPT_SANDBOXING = YES;
				GCC_C_LANGUAGE_STANDARD = gnu17;
				GCC_DYNAMIC_NO_PIC = NO;
				GCC_NO_COMMON_BLOCKS = YES;
				GCC_OPTIMIZATION_LEVEL = 0;
				GCC_PREPROCESSOR_DEFINITIONS = (
					"DEBUG=1",
					"$(inherited)",
				);
				GCC_WARN_64_TO_32_BIT_CONVERSION = YES;
				GCC_WARN_ABOUT_RETURN_TYPE = YES_ERROR;
				GCC_WARN_UNDECLARED_SELECTOR = YES;
				GCC_WARN_UNINITIALIZED_AUTOS = YES_AGGRESSIVE;
				GCC_WARN_UNUSED_FUNCTION = YES;
				GCC_WARN_UNUSED_VARIABLE = YES;
				IPHONEOS_DEPLOYMENT_TARGET = 17.0;
				MTL_ENABLE_DEBUG_INFO = INCLUDE_SOURCE;
				MTL_FAST_MATH = YES;
				ONLY_ACTIVE_ARCH = YES;
				SDKROOT = iphoneos;
				STRING_CATALOG_GENERATE_SYMBOLS = YES;
				SWIFT_ACTIVE_COMPILATION_CONDITIONS = "DEBUG $(inherited)";
				SWIFT_OPTIMIZATION_LEVEL = "-Onone";
			};
			name = Debug;
		};
		BA000004 /* Release */ = {
			isa = XCBuildConfiguration;
			buildSettings = {
				ALWAYS_SEARCH_USER_PATHS = NO;
				ASSETCATALOG_COMPILER_GENERATE_SWIFT_ASSET_SYMBOL_EXTENSIONS = YES;
				CLANG_ANALYZER_NONNULL = YES;
				CLANG_ANALYZER_NUMBER_OBJECT_CONVERSION = YES_AGGRESSIVE;
				CLANG_CXX_LANGUAGE_STANDARD = "gnu++20";
				CLANG_ENABLE_MODULES = YES;
				CLANG_ENABLE_OBJC_ARC = YES;
				CLANG_ENABLE_OBJC_WEAK = YES;
				CLANG_WARN_BLOCK_CAPTURE_AUTORELEASING = YES;
				CLANG_WARN_BOOL_CONVERSION = YES;
				CLANG_WARN_COMMA = YES;
				CLANG_WARN_CONSTANT_CONVERSION = YES;
				CLANG_WARN_DEPRECATED_OBJC_IMPLEMENTATIONS = YES;
				CLANG_WARN_DIRECT_OBJC_ISA_USAGE = YES_ERROR;
				CLANG_WARN_DOCUMENTATION_COMMENTS = YES;
				CLANG_WARN_EMPTY_BODY = YES;
				CLANG_WARN_ENUM_CONVERSION = YES;
				CLANG_WARN_INFINITE_RECURSION = YES;
				CLANG_WARN_INT_CONVERSION = YES;
				CLANG_WARN_NON_LITERAL_NULL_CONVERSION = YES;
				CLANG_WARN_OBJC_IMPLICIT_RETAIN_CYCLES = YES;
				CLANG_WARN_OBJC_IMPLICIT_RETAIN_SELF = YES;
				CLANG_WARN_OBJC_LITERAL_CONVERSION = YES;
				CLANG_WARN_OBJC_ROOT_CLASS = YES_ERROR;
				CLANG_WARN_QUOTED_INCLUDE_IN_FRAMEWORK_HEADER = YES;
				CLANG_WARN_RANGE_LOOP_ANALYSIS = YES;
				CLANG_WARN_STRICT_PROTOTYPES = YES;
				CLANG_WARN_SUSPICIOUS_MOVE = YES;
				CLANG_WARN_UNGUARDED_AVAILABILITY = YES_AGGRESSIVE;
				CLANG_WARN_UNREACHABLE_CODE = YES;
				CLANG_WARN__DUPLICATE_METHOD_MATCH = YES;
				COPY_PHASE_STRIP = NO;
				DEBUG_INFORMATION_FORMAT = "dwarf-with-dsym";
				DEVELOPMENT_TEAM = 7WZST775JM;
				ENABLE_NS_ASSERTIONS = NO;
				ENABLE_STRICT_OBJC_MSGSEND = YES;
				ENABLE_USER_SCRIPT_SANDBOXING = YES;
				GCC_C_LANGUAGE_STANDARD = gnu17;
				GCC_NO_COMMON_BLOCKS = YES;
				GCC_WARN_64_TO_32_BIT_CONVERSION = YES;
				GCC_WARN_ABOUT_RETURN_TYPE = YES_ERROR;
				GCC_WARN_UNDECLARED_SELECTOR = YES;
				GCC_WARN_UNINITIALIZED_AUTOS = YES_AGGRESSIVE;
				GCC_WARN_UNUSED_FUNCTION = YES;
				GCC_WARN_UNUSED_VARIABLE = YES;
				IPHONEOS_DEPLOYMENT_TARGET = 17.0;
				MTL_FAST_MATH = YES;
				SDKROOT = iphoneos;
				STRING_CATALOG_GENERATE_SYMBOLS = YES;
				SWIFT_COMPILATION_MODE = wholemodule;
				VALIDATE_PRODUCT = YES;
			};
			name = Release;
		};
		BA000005 /* Debug */ = {
			isa = XCBuildConfiguration;
			buildSettings = {
				ASSETCATALOG_COMPILER_APPICON_NAME = AppIcon;
				ASSETCATALOG_COMPILER_GLOBAL_ACCENT_COLOR_NAME = AccentColor;
				ASSETCATALOG_COMPILER_INCLUDE_ALL_APPICON_ASSETS = YES;
				CODE_SIGN_ENTITLEMENTS = HalalBites/HalalBites.entitlements;
				CODE_SIGN_STYLE = Automatic;
				CURRENT_PROJECT_VERSION = 14;
				DEVELOPMENT_TEAM = 7WZST775JM;
				GENERATE_INFOPLIST_FILE = YES;
				INFOPLIST_FILE = HalalBites/Info.plist;
				INFOPLIST_KEY_CFBundleDisplayName = "Safa Halal";
				INFOPLIST_KEY_ITSAppUsesNonExemptEncryption = NO;
				INFOPLIST_KEY_LSApplicationCategoryType = "public.app-category.travel";
				INFOPLIST_KEY_LSSupportsOpeningDocumentsInPlace = NO;
				INFOPLIST_KEY_NSLocationWhenInUseUsageDescription = "Safa Halal needs your location to find nearby halal restaurants.";
				INFOPLIST_KEY_UIApplicationSceneManifest_Generation = YES;
				INFOPLIST_KEY_UIApplicationSupportsIndirectInputEvents = YES;
				INFOPLIST_KEY_UILaunchScreen_Generation = YES;
				INFOPLIST_KEY_UIStatusBarHidden = YES;
				INFOPLIST_KEY_UIStatusBarStyle = UIStatusBarStyleDarkContent;
				INFOPLIST_KEY_UISupportedInterfaceOrientations = "UIInterfaceOrientationLandscapeLeft UIInterfaceOrientationLandscapeRight UIInterfaceOrientationPortrait UIInterfaceOrientationPortraitUpsideDown";
				IPHONEOS_DEPLOYMENT_TARGET = 18.6;
				LD_RUNPATH_SEARCH_PATHS = (
					"$(inherited)",
					"@executable_path/Frameworks",
				);
				MARKETING_VERSION = 1.0;
				PRODUCT_BUNDLE_IDENTIFIER = "com.safa-app.app";
				PRODUCT_NAME = "Safa Halal";
				SWIFT_EMIT_LOC_STRINGS = YES;
				SWIFT_VERSION = 5.0;
				TARGETED_DEVICE_FAMILY = "1,2";
			};
			name = Debug;
		};
		BA000006 /* Release */ = {
			isa = XCBuildConfiguration;
			buildSettings = {
				ASSETCATALOG_COMPILER_APPICON_NAME = AppIcon;
				ASSETCATALOG_COMPILER_GLOBAL_ACCENT_COLOR_NAME = AccentColor;
				ASSETCATALOG_COMPILER_INCLUDE_ALL_APPICON_ASSETS = YES;
				CODE_SIGN_ENTITLEMENTS = HalalBites/HalalBites.entitlements;
				CODE_SIGN_STYLE = Automatic;
				CURRENT_PROJECT_VERSION = 14;
				DEVELOPMENT_TEAM = 7WZST775JM;
				GENERATE_INFOPLIST_FILE = YES;
				INFOPLIST_FILE = HalalBites/Info.plist;
				INFOPLIST_KEY_CFBundleDisplayName = "Safa Halal";
				INFOPLIST_KEY_ITSAppUsesNonExemptEncryption = NO;
				INFOPLIST_KEY_LSApplicationCategoryType = "public.app-category.travel";
				INFOPLIST_KEY_LSSupportsOpeningDocumentsInPlace = NO;
				INFOPLIST_KEY_NSLocationWhenInUseUsageDescription = "Safa Halal needs your location to find nearby halal restaurants.";
				INFOPLIST_KEY_UIApplicationSceneManifest_Generation = YES;
				INFOPLIST_KEY_UIApplicationSupportsIndirectInputEvents = YES;
				INFOPLIST_KEY_UILaunchScreen_Generation = YES;
				INFOPLIST_KEY_UIStatusBarHidden = YES;
				INFOPLIST_KEY_UIStatusBarStyle = UIStatusBarStyleDarkContent;
				INFOPLIST_KEY_UISupportedInterfaceOrientations = "UIInterfaceOrientationLandscapeLeft UIInterfaceOrientationLandscapeRight UIInterfaceOrientationPortrait UIInterfaceOrientationPortraitUpsideDown";
				IPHONEOS_DEPLOYMENT_TARGET = 18.6;
				LD_RUNPATH_SEARCH_PATHS = (
					"$(inherited)",
					"@executable_path/Frameworks",
				);
				MARKETING_VERSION = 1.0;
				PRODUCT_BUNDLE_IDENTIFIER = "com.safa-app.app";
				PRODUCT_NAME = "Safa Halal";
				SWIFT_EMIT_LOC_STRINGS = YES;
				SWIFT_VERSION = 5.0;
				TARGETED_DEVICE_FAMILY = "1,2";
			};
			name = Release;
		};
/* End XCBuildConfiguration section */

/* Begin XCConfigurationList section */
		BA000001 /* Build configuration list for PBXProject "HalalBites" */ = {
			isa = XCConfigurationList;
			buildConfigurations = (
				BA000003 /* Debug */,
				BA000004 /* Release */,
			);
			defaultConfigurationIsVisible = 0;
			defaultConfigurationName = Release;
		};
		BA000002 /* Build configuration list for PBXNativeTarget "HalalBites" */ = {
			isa = XCConfigurationList;
			buildConfigurations = (
				BA000005 /* Debug */,
				BA000006 /* Release */,
			);
			defaultConfigurationIsVisible = 0;
			defaultConfigurationName = Release;
		};
/* End XCConfigurationList section */
	};
	rootObject = AG000001 /* Project object */;
}
